// !$*UTF8*$!
{
	archiveVersion = 1;
	classes = {
	};
	objectVersion = 48;
	objects = {

/* Begin PBXBuildFile section */
		13A1A93A2049008000CAE084 /* Inceptionv3.mlmodel in Sources */ = {isa = PBXBuildFile; fileRef = 13A1A9392049008000CAE084 /* Inceptionv3.mlmodel */; };
		D9081DDF205DC10D00076643 /* Resnet50.mlmodel in Sources */ = {isa = PBXBuildFile; fileRef = D9081DDE205DC10C00076643 /* Resnet50.mlmodel */; };
		D97258DB203A398F000ACE77 /* AppDelegate.swift in Sources */ = {isa = PBXBuildFile; fileRef = D97258DA203A398F000ACE77 /* AppDelegate.swift */; };
		D97258DD203A398F000ACE77 /* ViewController.swift in Sources */ = {isa = PBXBuildFile; fileRef = D97258DC203A398F000ACE77 /* ViewController.swift */; };
		D97258E0203A398F000ACE77 /* Main.storyboard in Resources */ = {isa = PBXBuildFile; fileRef = D97258DE203A398F000ACE77 /* Main.storyboard */; };
		D97258E3203A398F000ACE77 /* Solemate.xcdatamodeld in Sources */ = {isa = PBXBuildFile; fileRef = D97258E1203A398F000ACE77 /* Solemate.xcdatamodeld */; };
		D97258E5203A398F000ACE77 /* Assets.xcassets in Resources */ = {isa = PBXBuildFile; fileRef = D97258E4203A398F000ACE77 /* Assets.xcassets */; };
		D97258E8203A398F000ACE77 /* LaunchScreen.storyboard in Resources */ = {isa = PBXBuildFile; fileRef = D97258E6203A398F000ACE77 /* LaunchScreen.storyboard */; };
		D9C4771E20478B200064DAD8 /* shoeCell.swift in Sources */ = {isa = PBXBuildFile; fileRef = D9C4771D20478B200064DAD8 /* shoeCell.swift */; };
		D9C4772020478D000064DAD8 /* solematesViewController.swift in Sources */ = {isa = PBXBuildFile; fileRef = D9C4771F20478D000064DAD8 /* solematesViewController.swift */; };
		D9C4772220478DE60064DAD8 /* shoe.swift in Sources */ = {isa = PBXBuildFile; fileRef = D9C4772120478DE60064DAD8 /* shoe.swift */; };
/* End PBXBuildFile section */

/* Begin PBXFileReference section */
		13A1A9392049008000CAE084 /* Inceptionv3.mlmodel */ = {isa = PBXFileReference; lastKnownFileType = file.mlmodel; path = Inceptionv3.mlmodel; sourceTree = "<group>"; };
		D9081DDE205DC10C00076643 /* Resnet50.mlmodel */ = {isa = PBXFileReference; lastKnownFileType = file.mlmodel; path = Resnet50.mlmodel; sourceTree = "<group>"; };
		D97258D7203A398F000ACE77 /* Solemate.app */ = {isa = PBXFileReference; explicitFileType = wrapper.application; includeInIndex = 0; path = Solemate.app; sourceTree = BUILT_PRODUCTS_DIR; };
		D97258DA203A398F000ACE77 /* AppDelegate.swift */ = {isa = PBXFileReference; lastKnownFileType = sourcecode.swift; path = AppDelegate.swift; sourceTree = "<group>"; };
		D97258DC203A398F000ACE77 /* ViewController.swift */ = {isa = PBXFileReference; lastKnownFileType = sourcecode.swift; path = ViewController.swift; sourceTree = "<group>"; };
		D97258DF203A398F000ACE77 /* Base */ = {isa = PBXFileReference; lastKnownFileType = file.storyboard; name = Base; path = Base.lproj/Main.storyboard; sourceTree = "<group>"; };
		D97258E2203A398F000ACE77 /* Solemate.xcdatamodel */ = {isa = PBXFileReference; lastKnownFileType = wrapper.xcdatamodel; path = Solemate.xcdatamodel; sourceTree = "<group>"; };
		D97258E4203A398F000ACE77 /* Assets.xcassets */ = {isa = PBXFileReference; lastKnownFileType = folder.assetcatalog; path = Assets.xcassets; sourceTree = "<group>"; };
		D97258E7203A398F000ACE77 /* Base */ = {isa = PBXFileReference; lastKnownFileType = file.storyboard; name = Base; path = Base.lproj/LaunchScreen.storyboard; sourceTree = "<group>"; };
		D97258E9203A398F000ACE77 /* Info.plist */ = {isa = PBXFileReference; lastKnownFileType = text.plist.xml; path = Info.plist; sourceTree = "<group>"; };
		D9C4771D20478B200064DAD8 /* shoeCell.swift */ = {isa = PBXFileReference; lastKnownFileType = sourcecode.swift; path = shoeCell.swift; sourceTree = "<group>"; };
		D9C4771F20478D000064DAD8 /* solematesViewController.swift */ = {isa = PBXFileReference; lastKnownFileType = sourcecode.swift; path = solematesViewController.swift; sourceTree = "<group>"; };
		D9C4772120478DE60064DAD8 /* shoe.swift */ = {isa = PBXFileReference; lastKnownFileType = sourcecode.swift; path = shoe.swift; sourceTree = "<group>"; };
/* End PBXFileReference section */

/* Begin PBXFrameworksBuildPhase section */
		D97258D4203A398F000ACE77 /* Frameworks */ = {
			isa = PBXFrameworksBuildPhase;
			buildActionMask = 2147483647;
			files = (
			);
			runOnlyForDeploymentPostprocessing = 0;
		};
/* End PBXFrameworksBuildPhase section */

/* Begin PBXGroup section */
		D97258CE203A398F000ACE77 = {
			isa = PBXGroup;
			children = (
				D97258D9203A398F000ACE77 /* Solemate */,
				D97258D8203A398F000ACE77 /* Products */,
			);
			sourceTree = "<group>";
		};
		D97258D8203A398F000ACE77 /* Products */ = {
			isa = PBXGroup;
			children = (
				D97258D7203A398F000ACE77 /* Solemate.app */,
			);
			name = Products;
			sourceTree = "<group>";
		};
		D97258D9203A398F000ACE77 /* Solemate */ = {
			isa = PBXGroup;
			children = (
				D97258DA203A398F000ACE77 /* AppDelegate.swift */,
				D97258DC203A398F000ACE77 /* ViewController.swift */,
				D9081DDE205DC10C00076643 /* Resnet50.mlmodel */,
				D97258DE203A398F000ACE77 /* Main.storyboard */,
				D97258E4203A398F000ACE77 /* Assets.xcassets */,
				D97258E6203A398F000ACE77 /* LaunchScreen.storyboard */,
				D97258E9203A398F000ACE77 /* Info.plist */,
				D9C4771D20478B200064DAD8 /* shoeCell.swift */,
				D97258E1203A398F000ACE77 /* Solemate.xcdatamodeld */,
				D9C4772120478DE60064DAD8 /* shoe.swift */,
				D9C4771F20478D000064DAD8 /* solematesViewController.swift */,
				13A1A9392049008000CAE084 /* Inceptionv3.mlmodel */,
			);
			path = Solemate;
			sourceTree = "<group>";
		};
/* End PBXGroup section */

/* Begin PBXNativeTarget section */
		D97258D6203A398F000ACE77 /* Solemate */ = {
			isa = PBXNativeTarget;
			buildConfigurationList = D97258EC203A398F000ACE77 /* Build configuration list for PBXNativeTarget "Solemate" */;
			buildPhases = (
				D97258D3203A398F000ACE77 /* Sources */,
				D97258D4203A398F000ACE77 /* Frameworks */,
				D97258D5203A398F000ACE77 /* Resources */,
			);
			buildRules = (
			);
			dependencies = (
			);
			name = Solemate;
			productName = Solemate;
			productReference = D97258D7203A398F000ACE77 /* Solemate.app */;
			productType = "com.apple.product-type.application";
		};
/* End PBXNativeTarget section */

/* Begin PBXProject section */
		D97258CF203A398F000ACE77 /* Project object */ = {
			isa = PBXProject;
			attributes = {
				LastSwiftUpdateCheck = 0920;
				LastUpgradeCheck = 0920;
				ORGANIZATIONNAME = Uppalled;
				TargetAttributes = {
					D97258D6203A398F000ACE77 = {
						CreatedOnToolsVersion = 9.2;
						ProvisioningStyle = Automatic;
					};
				};
			};
			buildConfigurationList = D97258D2203A398F000ACE77 /* Build configuration list for PBXProject "Solemate" */;
			compatibilityVersion = "Xcode 8.0";
			developmentRegion = en;
			hasScannedForEncodings = 0;
			knownRegions = (
				en,
				Base,
			);
			mainGroup = D97258CE203A398F000ACE77;
			productRefGroup = D97258D8203A398F000ACE77 /* Products */;
			projectDirPath = "";
			projectRoot = "";
			targets = (
				D97258D6203A398F000ACE77 /* Solemate */,
			);
		};
/* End PBXProject section */

/* Begin PBXResourcesBuildPhase section */
		D97258D5203A398F000ACE77 /* Resources */ = {
			isa = PBXResourcesBuildPhase;
			buildActionMask = 2147483647;
			files = (
				D97258E8203A398F000ACE77 /* LaunchScreen.storyboard in Resources */,
				D97258E5203A398F000ACE77 /* Assets.xcassets in Resources */,
				D97258E0203A398F000ACE77 /* Main.storyboard in Resources */,
			);
			runOnlyForDeploymentPostprocessing = 0;
		};
/* End PBXResourcesBuildPhase section */

/* Begin PBXSourcesBuildPhase section */
		D97258D3203A398F000ACE77 /* Sources */ = {
			isa = PBXSourcesBuildPhase;
			buildActionMask = 2147483647;
			files = (
				D9C4772220478DE60064DAD8 /* shoe.swift in Sources */,
				D9C4771E20478B200064DAD8 /* shoeCell.swift in Sources */,
				D97258DD203A398F000ACE77 /* ViewController.swift in Sources */,
				D97258DB203A398F000ACE77 /* AppDelegate.swift in Sources */,
				D9C4772020478D000064DAD8 /* solematesViewController.swift in Sources */,
				D97258E3203A398F000ACE77 /* Solemate.xcdatamodeld in Sources */,
				D9081DDF205DC10D00076643 /* Resnet50.mlmodel in Sources */,
				13A1A93A2049008000CAE084 /* Inceptionv3.mlmodel in Sources */,
			);
			runOnlyForDeploymentPostprocessing = 0;
		};
/* End PBXSourcesBuildPhase section */

/* Begin PBXVariantGroup section */
		D97258DE203A398F000ACE77 /* Main.storyboard */ = {
			isa = PBXVariantGroup;
			children = (
				D97258DF203A398F000ACE77 /* Base */,
			);
			name = Main.storyboard;
			sourceTree = "<group>";
		};
		D97258E6203A398F000ACE77 /* LaunchScreen.storyboard */ = {
			isa = PBXVariantGroup;
			children = (
				D97258E7203A398F000ACE77 /* Base */,
			);
			name = LaunchScreen.storyboard;
			sourceTree = "<group>";
		};
/* End PBXVariantGroup section */

/* Begin XCBuildConfiguration section */
		D97258EA203A398F000ACE77 /* Debug */ = {
			isa = XCBuildConfiguration;
			buildSettings = {
				ALWAYS_SEARCH_USER_PATHS = NO;
				CLANG_ANALYZER_NONNULL = YES;
				CLANG_ANALYZER_NUMBER_OBJECT_CONVERSION = YES_AGGRESSIVE;
				CLANG_CXX_LANGUAGE_STANDARD = "gnu++14";
				CLANG_CXX_LIBRARY = "libc++";
				CLANG_ENABLE_MODULES = YES;
				CLANG_ENABLE_OBJC_ARC = YES;
				CLANG_WARN_BLOCK_CAPTURE_AUTORELEASING = YES;
				CLANG_WARN_BOOL_CONVERSION = YES;
				CLANG_WARN_COMMA = YES;
				CLANG_WARN_CONSTANT_CONVERSION = YES;
				CLANG_WARN_DIRECT_OBJC_ISA_USAGE = YES_ERROR;
				CLANG_WARN_DOCUMENTATION_COMMENTS = YES;
				CLANG_WARN_EMPTY_BODY = YES;
				CLANG_WARN_ENUM_CONVERSION = YES;
				CLANG_WARN_INFINITE_RECURSION = YES;
				CLANG_WARN_INT_CONVERSION = YES;
				CLANG_WARN_NON_LITERAL_NULL_CONVERSION = YES;
				CLANG_WARN_OBJC_LITERAL_CONVERSION = YES;
				CLANG_WARN_OBJC_ROOT_CLASS = YES_ERROR;
				CLANG_WARN_RANGE_LOOP_ANALYSIS = YES;
				CLANG_WARN_STRICT_PROTOTYPES = YES;
				CLANG_WARN_SUSPICIOUS_MOVE = YES;
				CLANG_WARN_UNGUARDED_AVAILABILITY = YES_AGGRESSIVE;
				CLANG_WARN_UNREACHABLE_CODE = YES;
				CLANG_WARN__DUPLICATE_METHOD_MATCH = YES;
				CODE_SIGN_IDENTITY = "iPhone Developer";
				COPY_PHASE_STRIP = NO;
				DEBUG_INFORMATION_FORMAT = dwarf;
				ENABLE_STRICT_OBJC_MSGSEND = YES;
				ENABLE_TESTABILITY = YES;
				GCC_C_LANGUAGE_STANDARD = gnu11;
				GCC_DYNAMIC_NO_PIC = NO;
				GCC_NO_COMMON_BLOCKS = YES;
				GCC_OPTIMIZATION_LEVEL = 0;
				GCC_PREPROCESSOR_DEFINITIONS = (
					"DEBUG=1",
					"$(inherited)",
				);
				GCC_WARN_64_TO_32_BIT_CONVERSION = YES;
				GCC_WARN_ABOUT_RETURN_TYPE = YES_ERROR;
				GCC_WARN_UNDECLARED_SELECTOR = YES;
				GCC_WARN_UNINITIALIZED_AUTOS = YES_AGGRESSIVE;
				GCC_WARN_UNUSED_FUNCTION = YES;
				GCC_WARN_UNUSED_VARIABLE = YES;
				IPHONEOS_DEPLOYMENT_TARGET = 11.2;
				MTL_ENABLE_DEBUG_INFO = YES;
				ONLY_ACTIVE_ARCH = YES;
				SDKROOT = iphoneos;
				SWIFT_ACTIVE_COMPILATION_CONDITIONS = DEBUG;
				SWIFT_OPTIMIZATION_LEVEL = "-Onone";
			};
			name = Debug;
		};
		D97258EB203A398F000ACE77 /* Release */ = {
			isa = XCBuildConfiguration;
			buildSettings = {
				ALWAYS_SEARCH_USER_PATHS = NO;
				CLANG_ANALYZER_NONNULL = YES;
				CLANG_ANALYZER_NUMBER_OBJECT_CONVERSION = YES_AGGRESSIVE;
				CLANG_CXX_LANGUAGE_STANDARD = "gnu++14";
				CLANG_CXX_LIBRARY = "libc++";
				CLANG_ENABLE_MODULES = YES;
				CLANG_ENABLE_OBJC_ARC = YES;
				CLANG_WARN_BLOCK_CAPTURE_AUTORELEASING = YES;
				CLANG_WARN_BOOL_CONVERSION = YES;
				CLANG_WARN_COMMA = YES;
				CLANG_WARN_CONSTANT_CONVERSION = YES;
				CLANG_WARN_DIRECT_OBJC_ISA_USAGE = YES_ERROR;
				CLANG_WARN_DOCUMENTATION_COMMENTS = YES;
				CLANG_WARN_EMPTY_BODY = YES;
				CLANG_WARN_ENUM_CONVERSION = YES;
				CLANG_WARN_INFINITE_RECURSION = YES;
				CLANG_WARN_INT_CONVERSION = YES;
				CLANG_WARN_NON_LITERAL_NULL_CONVERSION = YES;
				CLANG_WARN_OBJC_LITERAL_CONVERSION = YES;
				CLANG_WARN_OBJC_ROOT_CLASS = YES_ERROR;
				CLANG_WARN_RANGE_LOOP_ANALYSIS = YES;
				CLANG_WARN_STRICT_PROTOTYPES = YES;
				CLANG_WARN_SUSPICIOUS_MOVE = YES;
				CLANG_WARN_UNGUARDED_AVAILABILITY = YES_AGGRESSIVE;
				CLANG_WARN_UNREACHABLE_CODE = YES;
				CLANG_WARN__DUPLICATE_METHOD_MATCH = YES;
				CODE_SIGN_IDENTITY = "iPhone Developer";
				COPY_PHASE_STRIP = NO;
				DEBUG_INFORMATION_FORMAT = "dwarf-with-dsym";
				ENABLE_NS_ASSERTIONS = NO;
				ENABLE_STRICT_OBJC_MSGSEND = YES;
				GCC_C_LANGUAGE_STANDARD = gnu11;
				GCC_NO_COMMON_BLOCKS = YES;
				GCC_WARN_64_TO_32_BIT_CONVERSION = YES;
				GCC_WARN_ABOUT_RETURN_TYPE = YES_ERROR;
				GCC_WARN_UNDECLARED_SELECTOR = YES;
				GCC_WARN_UNINITIALIZED_AUTOS = YES_AGGRESSIVE;
				GCC_WARN_UNUSED_FUNCTION = YES;
				GCC_WARN_UNUSED_VARIABLE = YES;
				IPHONEOS_DEPLOYMENT_TARGET = 11.2;
				MTL_ENABLE_DEBUG_INFO = NO;
				SDKROOT = iphoneos;
				SWIFT_OPTIMIZATION_LEVEL = "-Owholemodule";
				VALIDATE_PRODUCT = YES;
			};
			name = Release;
		};
		D97258ED203A398F000ACE77 /* Debug */ = {
			isa = XCBuildConfiguration;
			buildSettings = {
				ASSETCATALOG_COMPILER_APPICON_NAME = AppIcon;
				CODE_SIGN_STYLE = Automatic;
				DEVELOPMENT_TEAM = 5WJ59744U5;
				INFOPLIST_FILE = Solemate/Info.plist;
				LD_RUNPATH_SEARCH_PATHS = "$(inherited) @executable_path/Frameworks";
				PRODUCT_BUNDLE_IDENTIFIER = billmoriarty.Solar;
				PRODUCT_NAME = "$(TARGET_NAME)";
				SWIFT_VERSION = 4.0;
				TARGETED_DEVICE_FAMILY = "1,2";
			};
			name = Debug;
		};
		D97258EE203A398F000ACE77 /* Release */ = {
			isa = XCBuildConfiguration;
			buildSettings = {
				ASSETCATALOG_COMPILER_APPICON_NAME = AppIcon;
				CODE_SIGN_STYLE = Automatic;
				DEVELOPMENT_TEAM = 5WJ59744U5;
				INFOPLIST_FILE = Solemate/Info.plist;
				LD_RUNPATH_SEARCH_PATHS = "$(inherited) @executable_path/Frameworks";
				PRODUCT_BUNDLE_IDENTIFIER = billmoriarty.Solar;
				PRODUCT_NAME = "$(TARGET_NAME)";
				SWIFT_VERSION = 4.0;
				TARGETED_DEVICE_FAMILY = "1,2";
			};
			name = Release;
		};
/* End XCBuildConfiguration section */

/* Begin XCConfigurationList section */
		D97258D2203A398F000ACE77 /* Build configuration list for PBXProject "Solemate" */ = {
			isa = XCConfigurationList;
			buildConfigurations = (
				D97258EA203A398F000ACE77 /* Debug */,
				D97258EB203A398F000ACE77 /* Release */,
			);
			defaultConfigurationIsVisible = 0;
			defaultConfigurationName = Release;
		};
		D97258EC203A398F000ACE77 /* Build configuration list for PBXNativeTarget "Solemate" */ = {
			isa = XCConfigurationList;
			buildConfigurations = (
				D97258ED203A398F000ACE77 /* Debug */,
				D97258EE203A398F000ACE77 /* Release */,
			);
			defaultConfigurationIsVisible = 0;
			defaultConfigurationName = Release;
		};
/* End XCConfigurationList section */

/* Begin XCVersionGroup section */
		D97258E1203A398F000ACE77 /* Solemate.xcdatamodeld */ = {
			isa = XCVersionGroup;
			children = (
				D97258E2203A398F000ACE77 /* Solemate.xcdatamodel */,
			);
			currentVersion = D97258E2203A398F000ACE77 /* Solemate.xcdatamodel */;
			path = Solemate.xcdatamodeld;
			sourceTree = "<group>";
			versionGroupType = wrapper.xcdatamodel;
		};
/* End XCVersionGroup section */
	};
	rootObject = D97258CF203A398F000ACE77 /* Project object */;
}
